
Microsoft Visual Studio Solution File, Format Version 12.00
# Visual Studio 2012
Project("{FAE04EC0-301F-11D3-BF4B-00C04F79EFBC}") = "Taijutsu", "Taijutsu\Taijutsu.csproj", "{1353B9D0-A422-4149-B916-65F855ABACB5}"
EndProject
Project("{FAE04EC0-301F-11D3-BF4B-00C04F79EFBC}") = "Taijutsu.Test", "Taijutsu.Test\Taijutsu.Test.csproj", "{552657C5-9B97-4AD0-A001-AF071E734644}"
EndProject
Project("{FAE04EC0-301F-11D3-BF4B-00C04F79EFBC}") = "Taijutsu.Sample", "Taijutsu.Sample\Taijutsu.Sample.csproj", "{CEB42F6F-CD91-4332-80F7-2D7F0B0333AA}"
EndProject
Global
	GlobalSection(SolutionConfigurationPlatforms) = preSolution
		Debug|Any CPU = Debug|Any CPU
		Release|Any CPU = Release|Any CPU
	EndGlobalSection
	GlobalSection(ProjectConfigurationPlatforms) = postSolution
		{1353B9D0-A422-4149-B916-65F855ABACB5}.Debug|Any CPU.ActiveCfg = Debug|Any CPU
		{1353B9D0-A422-4149-B916-65F855ABACB5}.Debug|Any CPU.Build.0 = Debug|Any CPU
		{1353B9D0-A422-4149-B916-65F855ABACB5}.Release|Any CPU.ActiveCfg = Release|Any CPU
		{1353B9D0-A422-4149-B916-65F855ABACB5}.Release|Any CPU.Build.0 = Release|Any CPU
		{552657C5-9B97-4AD0-A001-AF071E734644}.Debug|Any CPU.ActiveCfg = Debug|Any CPU
		{552657C5-9B97-4AD0-A001-AF071E734644}.Debug|Any CPU.Build.0 = Debug|Any CPU
		{552657C5-9B97-4AD0-A001-AF071E734644}.Release|Any CPU.ActiveCfg = Release|Any CPU
		{552657C5-9B97-4AD0-A001-AF071E734644}.Release|Any CPU.Build.0 = Release|Any CPU
		{CEB42F6F-CD91-4332-80F7-2D7F0B0333AA}.Debug|Any CPU.ActiveCfg = Debug|Any CPU
		{CEB42F6F-CD91-4332-80F7-2D7F0B0333AA}.Debug|Any CPU.Build.0 = Debug|Any CPU
		{CEB42F6F-CD91-4332-80F7-2D7F0B0333AA}.Release|Any CPU.ActiveCfg = Release|Any CPU
		{CEB42F6F-CD91-4332-80F7-2D7F0B0333AA}.Release|Any CPU.Build.0 = Release|Any CPU
	EndGlobalSection
	GlobalSection(SolutionProperties) = preSolution
		HideSolutionNode = FALSE
	EndGlobalSection
EndGlobal
